# Code generated by scarb DO NOT EDIT.
version = 1

[[package]]
name = "alexandria_math"
version = "0.2.1"
source = "git+https://github.com/keep-starknet-strange/alexandria#162bed1c636d31ccaaa90ed3eb32c9eb1d5e3bd3"

[[package]]
name = "consensus"
version = "0.1.0"
source = "git+https://github.com/keep-starknet-strange/raito.git?rev=02a13045b7074ae2b3247431cd91f1ad76263fb2#02a13045b7074ae2b3247431cd91f1ad76263fb2"
dependencies = [
 "shinigami_engine",
 "utils",
]

[[package]]
name = "onchain"
version = "0.1.0"
dependencies = [
 "alexandria_math",
 "consensus",
 "openzeppelin",
 "openzeppelin_token",
 "openzeppelin_utils",
 "snforge_std",
 "utils",
 "utu_relay",
]

[[package]]
name = "openzeppelin"
version = "0.20.0"
source = "git+https://github.com/openzeppelin/cairo-contracts?tag=v0.20.0#7756fd1de2b4ebd239fa6e372d75535cea02e5e5"
dependencies = [
 "openzeppelin_access",
 "openzeppelin_account",
 "openzeppelin_finance",
 "openzeppelin_governance",
 "openzeppelin_introspection",
 "openzeppelin_merkle_tree",
 "openzeppelin_presets",
 "openzeppelin_security",
 "openzeppelin_token",
 "openzeppelin_upgrades",
 "openzeppelin_utils",
]

[[package]]
name = "openzeppelin_access"
version = "0.20.0"
source = "git+https://github.com/openzeppelin/cairo-contracts?tag=v0.20.0#7756fd1de2b4ebd239fa6e372d75535cea02e5e5"
dependencies = [
 "openzeppelin_introspection",
]

[[package]]
name = "openzeppelin_account"
version = "0.20.0"
source = "git+https://github.com/openzeppelin/cairo-contracts?tag=v0.20.0#7756fd1de2b4ebd239fa6e372d75535cea02e5e5"
dependencies = [
 "openzeppelin_introspection",
 "openzeppelin_utils",
]

[[package]]
name = "openzeppelin_finance"
version = "0.20.0"
source = "git+https://github.com/openzeppelin/cairo-contracts?tag=v0.20.0#7756fd1de2b4ebd239fa6e372d75535cea02e5e5"
dependencies = [
 "openzeppelin_access",
 "openzeppelin_token",
]

[[package]]
name = "openzeppelin_governance"
version = "0.20.0"
source = "git+https://github.com/openzeppelin/cairo-contracts?tag=v0.20.0#7756fd1de2b4ebd239fa6e372d75535cea02e5e5"
dependencies = [
 "openzeppelin_access",
 "openzeppelin_account",
 "openzeppelin_introspection",
 "openzeppelin_token",
 "openzeppelin_utils",
]

[[package]]
name = "openzeppelin_introspection"
version = "0.20.0"
source = "git+https://github.com/openzeppelin/cairo-contracts?tag=v0.20.0#7756fd1de2b4ebd239fa6e372d75535cea02e5e5"

[[package]]
name = "openzeppelin_merkle_tree"
version = "0.20.0"
source = "git+https://github.com/openzeppelin/cairo-contracts?tag=v0.20.0#7756fd1de2b4ebd239fa6e372d75535cea02e5e5"

[[package]]
name = "openzeppelin_presets"
version = "0.20.0"
source = "git+https://github.com/openzeppelin/cairo-contracts?tag=v0.20.0#7756fd1de2b4ebd239fa6e372d75535cea02e5e5"
dependencies = [
 "openzeppelin_access",
 "openzeppelin_account",
 "openzeppelin_finance",
 "openzeppelin_introspection",
 "openzeppelin_token",
 "openzeppelin_upgrades",
 "openzeppelin_utils",
]

[[package]]
name = "openzeppelin_security"
version = "0.20.0"
source = "git+https://github.com/openzeppelin/cairo-contracts?tag=v0.20.0#7756fd1de2b4ebd239fa6e372d75535cea02e5e5"

[[package]]
name = "openzeppelin_token"
version = "0.20.0"
source = "git+https://github.com/openzeppelin/cairo-contracts?tag=v0.20.0#7756fd1de2b4ebd239fa6e372d75535cea02e5e5"
dependencies = [
 "openzeppelin_access",
 "openzeppelin_account",
 "openzeppelin_introspection",
 "openzeppelin_utils",
]

[[package]]
name = "openzeppelin_upgrades"
version = "0.20.0"
source = "git+https://github.com/openzeppelin/cairo-contracts?tag=v0.20.0#7756fd1de2b4ebd239fa6e372d75535cea02e5e5"

[[package]]
name = "openzeppelin_utils"
version = "0.20.0"
source = "git+https://github.com/openzeppelin/cairo-contracts?tag=v0.20.0#7756fd1de2b4ebd239fa6e372d75535cea02e5e5"

[[package]]
name = "ripemd160"
version = "0.1.0"
source = "git+https://github.com/j1mbo64/ripemd160_cairo.git#833e07d7d074d4ee51ceb40a5bcb4af2fe6898f3"

[[package]]
name = "sha1"
version = "0.1.0"
source = "git+https://github.com/j1mbo64/sha1_cairo.git#2b65bc00a829bdcc244c140d0f31feda32f8d2c4"

[[package]]
name = "shinigami_engine"
version = "0.1.0"
source = "git+https://github.com/keep-starknet-strange/shinigami.git?rev=3415ed6#3415ed6331d3ea2dc2de6f9ab8e0be6562585f2d"
dependencies = [
 "ripemd160",
 "sha1",
 "shinigami_utils",
]

[[package]]
name = "shinigami_utils"
version = "0.1.0"
source = "git+https://github.com/keep-starknet-strange/shinigami.git?rev=3415ed6#3415ed6331d3ea2dc2de6f9ab8e0be6562585f2d"

[[package]]
name = "snforge_scarb_plugin"
version = "0.36.0"
source = "git+https://github.com/foundry-rs/starknet-foundry?tag=v0.36.0#6af1722bad3dd98001285e76f43a83d8b38614de"

[[package]]
name = "snforge_std"
version = "0.36.0"
source = "git+https://github.com/foundry-rs/starknet-foundry?tag=v0.36.0#6af1722bad3dd98001285e76f43a83d8b38614de"
dependencies = [
 "snforge_scarb_plugin",
]

[[package]]
name = "utils"
version = "0.1.0"
source = "git+https://github.com/keep-starknet-strange/raito.git?rev=02a13045b7074ae2b3247431cd91f1ad76263fb2#02a13045b7074ae2b3247431cd91f1ad76263fb2"

[[package]]
name = "utu_relay"
version = "0.1.0"
source = "git+https://github.com/lana-shanghai/utu_relay.git#dfdfcdddf5f089c73c4c43ec8eb062422a8b3ff7"
dependencies = [
 "openzeppelin",
 "openzeppelin_upgrades",
 "utils",
]
